
Microsoft Visual Studio Solution File, Format Version 12.00
# Visual Studio 15
VisualStudioVersion = 15.0.26124.0
MinimumVisualStudioVersion = 15.0.26124.0
Project("{2150E333-8FDC-42A3-9474-1A3956D46DE8}") = "src", "src", "{FC53DA58-2501-4997-A801-295D3F7E5CE7}"
EndProject
Project("{F2A71F9B-5D33-465A-A702-920D77279786}") = "Psyche.Base", "src\Psyche.Base\Psyche.Base.fsproj", "{C5224C77-4C35-4296-A19C-84E938A5B18C}"
EndProject
Project("{F2A71F9B-5D33-465A-A702-920D77279786}") = "Psyche.Interpreter", "src\Psyche.Interpreter\Psyche.Interpreter.fsproj", "{CC1AE525-B3DD-4E8B-9CFF-9F389061B81E}"
EndProject
Project("{F2A71F9B-5D33-465A-A702-920D77279786}") = "Psyche.Parser", "src\Psyche.Parser\Psyche.Parser.fsproj", "{4FA5A5BC-B02C-4F8A-91E6-773E92551F67}"
EndProject
Project("{F2A71F9B-5D33-465A-A702-920D77279786}") = "Psyche.Base.Test", "src\Psyche.Base.Test\Psyche.Base.Test.fsproj", "{C25548BF-1633-43DD-B29C-9FCF34729E84}"
EndProject
Project("{F2A71F9B-5D33-465A-A702-920D77279786}") = "Psyche.CLI", "src\Psyche.CLI\Psyche.CLI.fsproj", "{0D98341F-974C-418A-B4B4-308F5E5D4D29}"
EndProject
Project("{F2A71F9B-5D33-465A-A702-920D77279786}") = "Psyche.AST", "src\Psyche.AST\Psyche.AST.fsproj", "{1D2DDD65-4E84-4E12-AFA4-EE7D415AE8D3}"
EndProject
Global
	GlobalSection(SolutionConfigurationPlatforms) = preSolution
		Debug|Any CPU = Debug|Any CPU
		Debug|x64 = Debug|x64
		Debug|x86 = Debug|x86
		Release|Any CPU = Release|Any CPU
		Release|x64 = Release|x64
		Release|x86 = Release|x86
	EndGlobalSection
	GlobalSection(SolutionProperties) = preSolution
		HideSolutionNode = FALSE
	EndGlobalSection
	GlobalSection(ProjectConfigurationPlatforms) = postSolution
		{C5224C77-4C35-4296-A19C-84E938A5B18C}.Debug|Any CPU.ActiveCfg = Debug|Any CPU
		{C5224C77-4C35-4296-A19C-84E938A5B18C}.Debug|Any CPU.Build.0 = Debug|Any CPU
		{C5224C77-4C35-4296-A19C-84E938A5B18C}.Debug|x64.ActiveCfg = Debug|Any CPU
		{C5224C77-4C35-4296-A19C-84E938A5B18C}.Debug|x64.Build.0 = Debug|Any CPU
		{C5224C77-4C35-4296-A19C-84E938A5B18C}.Debug|x86.ActiveCfg = Debug|Any CPU
		{C5224C77-4C35-4296-A19C-84E938A5B18C}.Debug|x86.Build.0 = Debug|Any CPU
		{C5224C77-4C35-4296-A19C-84E938A5B18C}.Release|Any CPU.ActiveCfg = Release|Any CPU
		{C5224C77-4C35-4296-A19C-84E938A5B18C}.Release|Any CPU.Build.0 = Release|Any CPU
		{C5224C77-4C35-4296-A19C-84E938A5B18C}.Release|x64.ActiveCfg = Release|Any CPU
		{C5224C77-4C35-4296-A19C-84E938A5B18C}.Release|x64.Build.0 = Release|Any CPU
		{C5224C77-4C35-4296-A19C-84E938A5B18C}.Release|x86.ActiveCfg = Release|Any CPU
		{C5224C77-4C35-4296-A19C-84E938A5B18C}.Release|x86.Build.0 = Release|Any CPU
		{CC1AE525-B3DD-4E8B-9CFF-9F389061B81E}.Debug|Any CPU.ActiveCfg = Debug|Any CPU
		{CC1AE525-B3DD-4E8B-9CFF-9F389061B81E}.Debug|Any CPU.Build.0 = Debug|Any CPU
		{CC1AE525-B3DD-4E8B-9CFF-9F389061B81E}.Debug|x64.ActiveCfg = Debug|Any CPU
		{CC1AE525-B3DD-4E8B-9CFF-9F389061B81E}.Debug|x64.Build.0 = Debug|Any CPU
		{CC1AE525-B3DD-4E8B-9CFF-9F389061B81E}.Debug|x86.ActiveCfg = Debug|Any CPU
		{CC1AE525-B3DD-4E8B-9CFF-9F389061B81E}.Debug|x86.Build.0 = Debug|Any CPU
		{CC1AE525-B3DD-4E8B-9CFF-9F389061B81E}.Release|Any CPU.ActiveCfg = Release|Any CPU
		{CC1AE525-B3DD-4E8B-9CFF-9F389061B81E}.Release|Any CPU.Build.0 = Release|Any CPU
		{CC1AE525-B3DD-4E8B-9CFF-9F389061B81E}.Release|x64.ActiveCfg = Release|Any CPU
		{CC1AE525-B3DD-4E8B-9CFF-9F389061B81E}.Release|x64.Build.0 = Release|Any CPU
		{CC1AE525-B3DD-4E8B-9CFF-9F389061B81E}.Release|x86.ActiveCfg = Release|Any CPU
		{CC1AE525-B3DD-4E8B-9CFF-9F389061B81E}.Release|x86.Build.0 = Release|Any CPU
		{4FA5A5BC-B02C-4F8A-91E6-773E92551F67}.Debug|Any CPU.ActiveCfg = Debug|Any CPU
		{4FA5A5BC-B02C-4F8A-91E6-773E92551F67}.Debug|Any CPU.Build.0 = Debug|Any CPU
		{4FA5A5BC-B02C-4F8A-91E6-773E92551F67}.Debug|x64.ActiveCfg = Debug|Any CPU
		{4FA5A5BC-B02C-4F8A-91E6-773E92551F67}.Debug|x64.Build.0 = Debug|Any CPU
		{4FA5A5BC-B02C-4F8A-91E6-773E92551F67}.Debug|x86.ActiveCfg = Debug|Any CPU
		{4FA5A5BC-B02C-4F8A-91E6-773E92551F67}.Debug|x86.Build.0 = Debug|Any CPU
		{4FA5A5BC-B02C-4F8A-91E6-773E92551F67}.Release|Any CPU.ActiveCfg = Release|Any CPU
		{4FA5A5BC-B02C-4F8A-91E6-773E92551F67}.Release|Any CPU.Build.0 = Release|Any CPU
		{4FA5A5BC-B02C-4F8A-91E6-773E92551F67}.Release|x64.ActiveCfg = Release|Any CPU
		{4FA5A5BC-B02C-4F8A-91E6-773E92551F67}.Release|x64.Build.0 = Release|Any CPU
		{4FA5A5BC-B02C-4F8A-91E6-773E92551F67}.Release|x86.ActiveCfg = Release|Any CPU
		{4FA5A5BC-B02C-4F8A-91E6-773E92551F67}.Release|x86.Build.0 = Release|Any CPU
		{C25548BF-1633-43DD-B29C-9FCF34729E84}.Debug|Any CPU.ActiveCfg = Debug|Any CPU
		{C25548BF-1633-43DD-B29C-9FCF34729E84}.Debug|Any CPU.Build.0 = Debug|Any CPU
		{C25548BF-1633-43DD-B29C-9FCF34729E84}.Debug|x64.ActiveCfg = Debug|Any CPU
		{C25548BF-1633-43DD-B29C-9FCF34729E84}.Debug|x64.Build.0 = Debug|Any CPU
		{C25548BF-1633-43DD-B29C-9FCF34729E84}.Debug|x86.ActiveCfg = Debug|Any CPU
		{C25548BF-1633-43DD-B29C-9FCF34729E84}.Debug|x86.Build.0 = Debug|Any CPU
		{C25548BF-1633-43DD-B29C-9FCF34729E84}.Release|Any CPU.ActiveCfg = Release|Any CPU
		{C25548BF-1633-43DD-B29C-9FCF34729E84}.Release|Any CPU.Build.0 = Release|Any CPU
		{C25548BF-1633-43DD-B29C-9FCF34729E84}.Release|x64.ActiveCfg = Release|Any CPU
		{C25548BF-1633-43DD-B29C-9FCF34729E84}.Release|x64.Build.0 = Release|Any CPU
		{C25548BF-1633-43DD-B29C-9FCF34729E84}.Release|x86.ActiveCfg = Release|Any CPU
		{C25548BF-1633-43DD-B29C-9FCF34729E84}.Release|x86.Build.0 = Release|Any CPU
		{0D98341F-974C-418A-B4B4-308F5E5D4D29}.Debug|Any CPU.ActiveCfg = Debug|Any CPU
		{0D98341F-974C-418A-B4B4-308F5E5D4D29}.Debug|Any CPU.Build.0 = Debug|Any CPU
		{0D98341F-974C-418A-B4B4-308F5E5D4D29}.Debug|x64.ActiveCfg = Debug|Any CPU
		{0D98341F-974C-418A-B4B4-308F5E5D4D29}.Debug|x64.Build.0 = Debug|Any CPU
		{0D98341F-974C-418A-B4B4-308F5E5D4D29}.Debug|x86.ActiveCfg = Debug|Any CPU
		{0D98341F-974C-418A-B4B4-308F5E5D4D29}.Debug|x86.Build.0 = Debug|Any CPU
		{0D98341F-974C-418A-B4B4-308F5E5D4D29}.Release|Any CPU.ActiveCfg = Release|Any CPU
		{0D98341F-974C-418A-B4B4-308F5E5D4D29}.Release|Any CPU.Build.0 = Release|Any CPU
		{0D98341F-974C-418A-B4B4-308F5E5D4D29}.Release|x64.ActiveCfg = Release|Any CPU
		{0D98341F-974C-418A-B4B4-308F5E5D4D29}.Release|x64.Build.0 = Release|Any CPU
		{0D98341F-974C-418A-B4B4-308F5E5D4D29}.Release|x86.ActiveCfg = Release|Any CPU
		{0D98341F-974C-418A-B4B4-308F5E5D4D29}.Release|x86.Build.0 = Release|Any CPU
		{1D2DDD65-4E84-4E12-AFA4-EE7D415AE8D3}.Debug|Any CPU.ActiveCfg = Debug|Any CPU
		{1D2DDD65-4E84-4E12-AFA4-EE7D415AE8D3}.Debug|Any CPU.Build.0 = Debug|Any CPU
		{1D2DDD65-4E84-4E12-AFA4-EE7D415AE8D3}.Debug|x64.ActiveCfg = Debug|Any CPU
		{1D2DDD65-4E84-4E12-AFA4-EE7D415AE8D3}.Debug|x64.Build.0 = Debug|Any CPU
		{1D2DDD65-4E84-4E12-AFA4-EE7D415AE8D3}.Debug|x86.ActiveCfg = Debug|Any CPU
		{1D2DDD65-4E84-4E12-AFA4-EE7D415AE8D3}.Debug|x86.Build.0 = Debug|Any CPU
		{1D2DDD65-4E84-4E12-AFA4-EE7D415AE8D3}.Release|Any CPU.ActiveCfg = Release|Any CPU
		{1D2DDD65-4E84-4E12-AFA4-EE7D415AE8D3}.Release|Any CPU.Build.0 = Release|Any CPU
		{1D2DDD65-4E84-4E12-AFA4-EE7D415AE8D3}.Release|x64.ActiveCfg = Release|Any CPU
		{1D2DDD65-4E84-4E12-AFA4-EE7D415AE8D3}.Release|x64.Build.0 = Release|Any CPU
		{1D2DDD65-4E84-4E12-AFA4-EE7D415AE8D3}.Release|x86.ActiveCfg = Release|Any CPU
		{1D2DDD65-4E84-4E12-AFA4-EE7D415AE8D3}.Release|x86.Build.0 = Release|Any CPU
	EndGlobalSection
	GlobalSection(NestedProjects) = preSolution
		{C5224C77-4C35-4296-A19C-84E938A5B18C} = {FC53DA58-2501-4997-A801-295D3F7E5CE7}
		{CC1AE525-B3DD-4E8B-9CFF-9F389061B81E} = {FC53DA58-2501-4997-A801-295D3F7E5CE7}
		{4FA5A5BC-B02C-4F8A-91E6-773E92551F67} = {FC53DA58-2501-4997-A801-295D3F7E5CE7}
		{C25548BF-1633-43DD-B29C-9FCF34729E84} = {FC53DA58-2501-4997-A801-295D3F7E5CE7}
		{0D98341F-974C-418A-B4B4-308F5E5D4D29} = {FC53DA58-2501-4997-A801-295D3F7E5CE7}
		{1D2DDD65-4E84-4E12-AFA4-EE7D415AE8D3} = {FC53DA58-2501-4997-A801-295D3F7E5CE7}
	EndGlobalSection
EndGlobal
